# This file is automatically @generated by Cargo.
# It is not intended for manual editing.
version = 4

[[package]]
name = "ast"
version = "0.1.0"

[[package]]
name = "baton"
version = "0.1.0"
dependencies = [
 "code_generator",
 "parser",
 "scanner",
 "semantic_analyzer",
]

[[package]]
name = "code_generator"
version = "0.1.0"
dependencies = [
 "parser",
]

[[package]]
name = "parser"
version = "0.1.0"
dependencies = [
 "scanner",
]

[[package]]
name = "scanner"
version = "0.1.0"

[[package]]
name = "semantic_analyzer"
version = "0.1.0"
dependencies = [
 "parser",
]
